
Microsoft Visual Studio Solution File, Format Version 12.00
# Visual Studio Version 17
VisualStudioVersion = 17.1.32328.378
MinimumVisualStudioVersion = 10.0.40219.1
Project("{FAE04EC0-301F-11D3-BF4B-00C04F79EFBC}") = "FinalmouseFirmwareUtility", "FinalmouseFirmwareUtility.csproj", "{793B6E36-8DF7-4F53-BF21-ACBE447FE859}"
EndProject
Global
	GlobalSection(SolutionConfigurationPlatforms) = preSolution
		Debug|Any CPU = Debug|Any CPU
		Release|Any CPU = Release|Any CPU
	EndGlobalSection
	GlobalSection(ProjectConfigurationPlatforms) = postSolution
		{793B6E36-8DF7-4F53-BF21-ACBE447FE859}.Debug|Any CPU.ActiveCfg = Debug|Any CPU
		{793B6E36-8DF7-4F53-BF21-ACBE447FE859}.Debug|Any CPU.Build.0 = Debug|Any CPU
		{793B6E36-8DF7-4F53-BF21-ACBE447FE859}.Release|Any CPU.ActiveCfg = Release|Any CPU
		{793B6E36-8DF7-4F53-BF21-ACBE447FE859}.Release|Any CPU.Build.0 = Release|Any CPU
	EndGlobalSection
	GlobalSection(SolutionProperties) = preSolution
		HideSolutionNode = FALSE
	EndGlobalSection
	GlobalSection(ExtensibilityGlobals) = postSolution
		SolutionGuid = {4F4DB088-B396-405B-8BB0-82675E2A568D}
	EndGlobalSection
EndGlobal
